
Microsoft Visual Studio Solution File, Format Version 12.00
# Visual Studio 15
VisualStudioVersion = 15.0.28010.0
MinimumVisualStudioVersion = 10.0.40219.1
Project("{FAE04EC0-301F-11D3-BF4B-00C04F79EFBC}") = "lab3", "lab3\lab3.csproj", "{294E3AF7-823A-4A10-8E7F-2849AA074183}"
EndProject
Global
	GlobalSection(SolutionConfigurationPlatforms) = preSolution
		Debug|Any CPU = Debug|Any CPU
		Release|Any CPU = Release|Any CPU
	EndGlobalSection
	GlobalSection(ProjectConfigurationPlatforms) = postSolution
		{294E3AF7-823A-4A10-8E7F-2849AA074183}.Debug|Any CPU.ActiveCfg = Debug|Any CPU
		{294E3AF7-823A-4A10-8E7F-2849AA074183}.Debug|Any CPU.Build.0 = Debug|Any CPU
		{294E3AF7-823A-4A10-8E7F-2849AA074183}.Release|Any CPU.ActiveCfg = Release|Any CPU
		{294E3AF7-823A-4A10-8E7F-2849AA074183}.Release|Any CPU.Build.0 = Release|Any CPU
	EndGlobalSection
	GlobalSection(SolutionProperties) = preSolution
		HideSolutionNode = FALSE
	EndGlobalSection
	GlobalSection(ExtensibilityGlobals) = postSolution
		SolutionGuid = {DD31F291-677A-4EB7-B137-F9563C8AFAEC}
	EndGlobalSection
EndGlobal
